
Microsoft Visual Studio Solution File, Format Version 12.00
# Visual Studio 15
VisualStudioVersion = 15.0.28307.1321
MinimumVisualStudioVersion = 10.0.40219.1
Project("{FAE04EC0-301F-11D3-BF4B-00C04F79EFBC}") = "RssActivityMonitor", "RssActivityMonitor\RssActivityMonitor.csproj", "{51FDAF8B-03DD-498A-92E0-FFC0807322A4}"
EndProject
Project("{FAE04EC0-301F-11D3-BF4B-00C04F79EFBC}") = "RssActivityMonitorTests", "RssActivityMonitorTests\RssActivityMonitorTests.csproj", "{89680CF2-306A-4142-861B-BC406298614B}"
EndProject
Project("{FAE04EC0-301F-11D3-BF4B-00C04F79EFBC}") = "RssActivityMonitor.TestHarness", "RssActivityMonitor.TestHarness\RssActivityMonitor.TestHarness.csproj", "{E80D53E5-8168-456E-BD17-5F47EF27F7B5}"
EndProject
Global
	GlobalSection(SolutionConfigurationPlatforms) = preSolution
		Debug|Any CPU = Debug|Any CPU
		Release|Any CPU = Release|Any CPU
	EndGlobalSection
	GlobalSection(ProjectConfigurationPlatforms) = postSolution
		{51FDAF8B-03DD-498A-92E0-FFC0807322A4}.Debug|Any CPU.ActiveCfg = Debug|Any CPU
		{51FDAF8B-03DD-498A-92E0-FFC0807322A4}.Debug|Any CPU.Build.0 = Debug|Any CPU
		{51FDAF8B-03DD-498A-92E0-FFC0807322A4}.Release|Any CPU.ActiveCfg = Release|Any CPU
		{51FDAF8B-03DD-498A-92E0-FFC0807322A4}.Release|Any CPU.Build.0 = Release|Any CPU
		{89680CF2-306A-4142-861B-BC406298614B}.Debug|Any CPU.ActiveCfg = Debug|Any CPU
		{89680CF2-306A-4142-861B-BC406298614B}.Debug|Any CPU.Build.0 = Debug|Any CPU
		{89680CF2-306A-4142-861B-BC406298614B}.Release|Any CPU.ActiveCfg = Release|Any CPU
		{89680CF2-306A-4142-861B-BC406298614B}.Release|Any CPU.Build.0 = Release|Any CPU
		{E80D53E5-8168-456E-BD17-5F47EF27F7B5}.Debug|Any CPU.ActiveCfg = Debug|Any CPU
		{E80D53E5-8168-456E-BD17-5F47EF27F7B5}.Debug|Any CPU.Build.0 = Debug|Any CPU
		{E80D53E5-8168-456E-BD17-5F47EF27F7B5}.Release|Any CPU.ActiveCfg = Release|Any CPU
		{E80D53E5-8168-456E-BD17-5F47EF27F7B5}.Release|Any CPU.Build.0 = Release|Any CPU
	EndGlobalSection
	GlobalSection(SolutionProperties) = preSolution
		HideSolutionNode = FALSE
	EndGlobalSection
	GlobalSection(ExtensibilityGlobals) = postSolution
		SolutionGuid = {0774EE98-5F11-41AF-BD44-8D446228C304}
	EndGlobalSection
EndGlobal
